appdirs==1.4.4
astroid==2.5.2
attrs==20.3.0
base58==1.0.3
bitarray==1.2.2
black==20.8b1
bplib==0.0.6
cbor2==5.2.0
certifi==2020.12.5
cffi==1.14.5
chardet==4.0.0
click==7.1.2
coverage==5.5
cryptography==3.4.7
cytoolz==0.11.0
eth-abi==2.1.1
eth-account==0.5.4
eth-hash==0.3.1
eth-keyfile==0.5.1
eth-keys==0.3.3
eth-rlp==0.2.1
eth-typing==2.2.2
eth-utils==1.10.0
fido2==0.9.1
future==0.18.2
greenlet==1.0.0
grpc_interceptor==0.13.0
grpcio-health-checking==1.37.0
grpcio==1.37.0
grpc-stubs==1.24.5
hexbytes==0.2.1
idna==2.10
iniconfig==1.1.1
ipfshttpclient==0.7.0a1
isort==5.8.0
jsonschema==3.2.0
lazy-object-proxy==1.6.0
lru-dict==1.1.7
mccabe==0.6.1
morphys==1.0
msgpack-python==0.5.6
multiaddr==0.0.9
mypy==0.812
mypy-extensions==0.4.3
netaddr==0.8.0
packaging==20.9
parsimonious==0.8.1
pathspec==0.8.1
pluggy==0.13.1
protobuf==3.15.7
py==1.10.0
py-cid==0.3.0
py-multibase==1.0.3
py-multicodec==0.2.1
py-multihash==0.2.3
pycparser==2.20
pycryptodome==3.10.1
PyJWT==2.0.1
pylint==2.7.4
pymysql==1.0.2
pyOpenSSL==20.0.1
pyparsing==2.4.7
pyrsistent==0.17.3
pytest==6.2.3
pytest-cov==2.11.1
python-baseconv==1.2.2
python-bitcoinlib==0.11.0
python-dotenv==0.17.0
pytz==2021.1
regex==2021.4.4
requests==2.25.1
rlp==2.0.1
six==1.15.0
soft-webauthn==0.1.2
SQLAlchemy==1.4.0b3
sqlalchemy-stubs==0.4
sqlalchemy-utils==0.37.0
toml==0.10.2
toolz==0.11.1
typed-ast==1.4.2
typing-extensions==3.7.4.3
urllib3==1.26.4
varint==1.0.2
web3==5.17.0
webauthn==0.4.7
websockets==8.1
wrapt==1.12.1
git+https://github.com/ravirahman/petlib@3b28c97955655671fbc167e007ab6f7ea438801b#egg=petlib
